
Microsoft Visual Studio Solution File, Format Version 12.00
# Visual Studio 15
VisualStudioVersion = 15.0.27130.2027
MinimumVisualStudioVersion = 10.0.40219.1
Project("{FAE04EC0-301F-11D3-BF4B-00C04F79EFBC}") = "Elecciones.Android", "Elecciones\Elecciones.Android\Elecciones.Android.csproj", "{F69C9960-0868-4121-87F3-D7C0C4278667}"
EndProject
Project("{FAE04EC0-301F-11D3-BF4B-00C04F79EFBC}") = "Elecciones.iOS", "Elecciones\Elecciones.iOS\Elecciones.iOS.csproj", "{74CC7566-A264-4193-A308-5450EE7BEA0F}"
EndProject
Project("{FAE04EC0-301F-11D3-BF4B-00C04F79EFBC}") = "Elecciones.UWP", "Elecciones\Elecciones.UWP\Elecciones.UWP.csproj", "{BB637099-43FE-4B1C-A1D8-BFD936751AEF}"
EndProject
Project("{FAE04EC0-301F-11D3-BF4B-00C04F79EFBC}") = "Elecciones", "Elecciones\Elecciones\Elecciones.csproj", "{BC161422-6F3D-4B66-AF28-CAB3D1145889}"
EndProject
Global
	GlobalSection(SolutionConfigurationPlatforms) = preSolution
		Ad-Hoc|Any CPU = Ad-Hoc|Any CPU
		Ad-Hoc|ARM = Ad-Hoc|ARM
		Ad-Hoc|iPhone = Ad-Hoc|iPhone
		Ad-Hoc|iPhoneSimulator = Ad-Hoc|iPhoneSimulator
		Ad-Hoc|x64 = Ad-Hoc|x64
		Ad-Hoc|x86 = Ad-Hoc|x86
		AppStore|Any CPU = AppStore|Any CPU
		AppStore|ARM = AppStore|ARM
		AppStore|iPhone = AppStore|iPhone
		AppStore|iPhoneSimulator = AppStore|iPhoneSimulator
		AppStore|x64 = AppStore|x64
		AppStore|x86 = AppStore|x86
		Debug|Any CPU = Debug|Any CPU
		Debug|ARM = Debug|ARM
		Debug|iPhone = Debug|iPhone
		Debug|iPhoneSimulator = Debug|iPhoneSimulator
		Debug|x64 = Debug|x64
		Debug|x86 = Debug|x86
		Release|Any CPU = Release|Any CPU
		Release|ARM = Release|ARM
		Release|iPhone = Release|iPhone
		Release|iPhoneSimulator = Release|iPhoneSimulator
		Release|x64 = Release|x64
		Release|x86 = Release|x86
	EndGlobalSection
	GlobalSection(ProjectConfigurationPlatforms) = postSolution
		{F69C9960-0868-4121-87F3-D7C0C4278667}.Ad-Hoc|Any CPU.ActiveCfg = Release|Any CPU
		{F69C9960-0868-4121-87F3-D7C0C4278667}.Ad-Hoc|Any CPU.Build.0 = Release|Any CPU
		{F69C9960-0868-4121-87F3-D7C0C4278667}.Ad-Hoc|Any CPU.Deploy.0 = Release|Any CPU
		{F69C9960-0868-4121-87F3-D7C0C4278667}.Ad-Hoc|ARM.ActiveCfg = Release|Any CPU
		{F69C9960-0868-4121-87F3-D7C0C4278667}.Ad-Hoc|ARM.Build.0 = Release|Any CPU
		{F69C9960-0868-4121-87F3-D7C0C4278667}.Ad-Hoc|ARM.Deploy.0 = Release|Any CPU
		{F69C9960-0868-4121-87F3-D7C0C4278667}.Ad-Hoc|iPhone.ActiveCfg = Release|Any CPU
		{F69C9960-0868-4121-87F3-D7C0C4278667}.Ad-Hoc|iPhone.Build.0 = Release|Any CPU
		{F69C9960-0868-4121-87F3-D7C0C4278667}.Ad-Hoc|iPhone.Deploy.0 = Release|Any CPU
		{F69C9960-0868-4121-87F3-D7C0C4278667}.Ad-Hoc|iPhoneSimulator.ActiveCfg = Release|Any CPU
		{F69C9960-0868-4121-87F3-D7C0C4278667}.Ad-Hoc|iPhoneSimulator.Build.0 = Release|Any CPU
		{F69C9960-0868-4121-87F3-D7C0C4278667}.Ad-Hoc|iPhoneSimulator.Deploy.0 = Release|Any CPU
		{F69C9960-0868-4121-87F3-D7C0C4278667}.Ad-Hoc|x64.ActiveCfg = Release|Any CPU
		{F69C9960-0868-4121-87F3-D7C0C4278667}.Ad-Hoc|x64.Build.0 = Release|Any CPU
		{F69C9960-0868-4121-87F3-D7C0C4278667}.Ad-Hoc|x64.Deploy.0 = Release|Any CPU
		{F69C9960-0868-4121-87F3-D7C0C4278667}.Ad-Hoc|x86.ActiveCfg = Release|Any CPU
		{F69C9960-0868-4121-87F3-D7C0C4278667}.Ad-Hoc|x86.Build.0 = Release|Any CPU
		{F69C9960-0868-4121-87F3-D7C0C4278667}.Ad-Hoc|x86.Deploy.0 = Release|Any CPU
		{F69C9960-0868-4121-87F3-D7C0C4278667}.AppStore|Any CPU.ActiveCfg = Release|Any CPU
		{F69C9960-0868-4121-87F3-D7C0C4278667}.AppStore|Any CPU.Build.0 = Release|Any CPU
		{F69C9960-0868-4121-87F3-D7C0C4278667}.AppStore|Any CPU.Deploy.0 = Release|Any CPU
		{F69C9960-0868-4121-87F3-D7C0C4278667}.AppStore|ARM.ActiveCfg = Release|Any CPU
		{F69C9960-0868-4121-87F3-D7C0C4278667}.AppStore|ARM.Build.0 = Release|Any CPU
		{F69C9960-0868-4121-87F3-D7C0C4278667}.AppStore|ARM.Deploy.0 = Release|Any CPU
		{F69C9960-0868-4121-87F3-D7C0C4278667}.AppStore|iPhone.ActiveCfg = Release|Any CPU
		{F69C9960-0868-4121-87F3-D7C0C4278667}.AppStore|iPhone.Build.0 = Release|Any CPU
		{F69C9960-0868-4121-87F3-D7C0C4278667}.AppStore|iPhone.Deploy.0 = Release|Any CPU
		{F69C9960-0868-4121-87F3-D7C0C4278667}.AppStore|iPhoneSimulator.ActiveCfg = Release|Any CPU
		{F69C9960-0868-4121-87F3-D7C0C4278667}.AppStore|iPhoneSimulator.Build.0 = Release|Any CPU
		{F69C9960-0868-4121-87F3-D7C0C4278667}.AppStore|iPhoneSimulator.Deploy.0 = Release|Any CPU
		{F69C9960-0868-4121-87F3-D7C0C4278667}.AppStore|x64.ActiveCfg = Release|Any CPU
		{F69C9960-0868-4121-87F3-D7C0C4278667}.AppStore|x64.Build.0 = Release|Any CPU
		{F69C9960-0868-4121-87F3-D7C0C4278667}.AppStore|x64.Deploy.0 = Release|Any CPU
		{F69C9960-0868-4121-87F3-D7C0C4278667}.AppStore|x86.ActiveCfg = Release|Any CPU
		{F69C9960-0868-4121-87F3-D7C0C4278667}.AppStore|x86.Build.0 = Release|Any CPU
		{F69C9960-0868-4121-87F3-D7C0C4278667}.AppStore|x86.Deploy.0 = Release|Any CPU
		{F69C9960-0868-4121-87F3-D7C0C4278667}.Debug|Any CPU.ActiveCfg = Debug|Any CPU
		{F69C9960-0868-4121-87F3-D7C0C4278667}.Debug|Any CPU.Build.0 = Debug|Any CPU
		{F69C9960-0868-4121-87F3-D7C0C4278667}.Debug|Any CPU.Deploy.0 = Debug|Any CPU
		{F69C9960-0868-4121-87F3-D7C0C4278667}.Debug|ARM.ActiveCfg = Debug|Any CPU
		{F69C9960-0868-4121-87F3-D7C0C4278667}.Debug|ARM.Build.0 = Debug|Any CPU
		{F69C9960-0868-4121-87F3-D7C0C4278667}.Debug|ARM.Deploy.0 = Debug|Any CPU
		{F69C9960-0868-4121-87F3-D7C0C4278667}.Debug|iPhone.ActiveCfg = Debug|Any CPU
		{F69C9960-0868-4121-87F3-D7C0C4278667}.Debug|iPhone.Build.0 = Debug|Any CPU
		{F69C9960-0868-4121-87F3-D7C0C4278667}.Debug|iPhone.Deploy.0 = Debug|Any CPU
		{F69C9960-0868-4121-87F3-D7C0C4278667}.Debug|iPhoneSimulator.ActiveCfg = Debug|Any CPU
		{F69C9960-0868-4121-87F3-D7C0C4278667}.Debug|iPhoneSimulator.Build.0 = Debug|Any CPU
		{F69C9960-0868-4121-87F3-D7C0C4278667}.Debug|iPhoneSimulator.Deploy.0 = Debug|Any CPU
		{F69C9960-0868-4121-87F3-D7C0C4278667}.Debug|x64.ActiveCfg = Debug|Any CPU
		{F69C9960-0868-4121-87F3-D7C0C4278667}.Debug|x64.Build.0 = Debug|Any CPU
		{F69C9960-0868-4121-87F3-D7C0C4278667}.Debug|x64.Deploy.0 = Debug|Any CPU
		{F69C9960-0868-4121-87F3-D7C0C4278667}.Debug|x86.ActiveCfg = Debug|Any CPU
		{F69C9960-0868-4121-87F3-D7C0C4278667}.Debug|x86.Build.0 = Debug|Any CPU
		{F69C9960-0868-4121-87F3-D7C0C4278667}.Debug|x86.Deploy.0 = Debug|Any CPU
		{F69C9960-0868-4121-87F3-D7C0C4278667}.Release|Any CPU.ActiveCfg = Release|Any CPU
		{F69C9960-0868-4121-87F3-D7C0C4278667}.Release|Any CPU.Build.0 = Release|Any CPU
		{F69C9960-0868-4121-87F3-D7C0C4278667}.Release|Any CPU.Deploy.0 = Release|Any CPU
		{F69C9960-0868-4121-87F3-D7C0C4278667}.Release|ARM.ActiveCfg = Release|Any CPU
		{F69C9960-0868-4121-87F3-D7C0C4278667}.Release|ARM.Build.0 = Release|Any CPU
		{F69C9960-0868-4121-87F3-D7C0C4278667}.Release|ARM.Deploy.0 = Release|Any CPU
		{F69C9960-0868-4121-87F3-D7C0C4278667}.Release|iPhone.ActiveCfg = Release|Any CPU
		{F69C9960-0868-4121-87F3-D7C0C4278667}.Release|iPhone.Build.0 = Release|Any CPU
		{F69C9960-0868-4121-87F3-D7C0C4278667}.Release|iPhone.Deploy.0 = Release|Any CPU
		{F69C9960-0868-4121-87F3-D7C0C4278667}.Release|iPhoneSimulator.ActiveCfg = Release|Any CPU
		{F69C9960-0868-4121-87F3-D7C0C4278667}.Release|iPhoneSimulator.Build.0 = Release|Any CPU
		{F69C9960-0868-4121-87F3-D7C0C4278667}.Release|iPhoneSimulator.Deploy.0 = Release|Any CPU
		{F69C9960-0868-4121-87F3-D7C0C4278667}.Release|x64.ActiveCfg = Release|Any CPU
		{F69C9960-0868-4121-87F3-D7C0C4278667}.Release|x64.Build.0 = Release|Any CPU
		{F69C9960-0868-4121-87F3-D7C0C4278667}.Release|x64.Deploy.0 = Release|Any CPU
		{F69C9960-0868-4121-87F3-D7C0C4278667}.Release|x86.ActiveCfg = Release|Any CPU
		{F69C9960-0868-4121-87F3-D7C0C4278667}.Release|x86.Build.0 = Release|Any CPU
		{F69C9960-0868-4121-87F3-D7C0C4278667}.Release|x86.Deploy.0 = Release|Any CPU
		{74CC7566-A264-4193-A308-5450EE7BEA0F}.Ad-Hoc|Any CPU.ActiveCfg = Ad-Hoc|iPhone
		{74CC7566-A264-4193-A308-5450EE7BEA0F}.Ad-Hoc|ARM.ActiveCfg = Ad-Hoc|iPhone
		{74CC7566-A264-4193-A308-5450EE7BEA0F}.Ad-Hoc|iPhone.ActiveCfg = Ad-Hoc|iPhone
		{74CC7566-A264-4193-A308-5450EE7BEA0F}.Ad-Hoc|iPhone.Build.0 = Ad-Hoc|iPhone
		{74CC7566-A264-4193-A308-5450EE7BEA0F}.Ad-Hoc|iPhoneSimulator.ActiveCfg = Ad-Hoc|iPhoneSimulator
		{74CC7566-A264-4193-A308-5450EE7BEA0F}.Ad-Hoc|iPhoneSimulator.Build.0 = Ad-Hoc|iPhoneSimulator
		{74CC7566-A264-4193-A308-5450EE7BEA0F}.Ad-Hoc|x64.ActiveCfg = Ad-Hoc|iPhone
		{74CC7566-A264-4193-A308-5450EE7BEA0F}.Ad-Hoc|x86.ActiveCfg = Ad-Hoc|iPhone
		{74CC7566-A264-4193-A308-5450EE7BEA0F}.AppStore|Any CPU.ActiveCfg = AppStore|iPhone
		{74CC7566-A264-4193-A308-5450EE7BEA0F}.AppStore|ARM.ActiveCfg = AppStore|iPhone
		{74CC7566-A264-4193-A308-5450EE7BEA0F}.AppStore|iPhone.ActiveCfg = AppStore|iPhone
		{74CC7566-A264-4193-A308-5450EE7BEA0F}.AppStore|iPhone.Build.0 = AppStore|iPhone
		{74CC7566-A264-4193-A308-5450EE7BEA0F}.AppStore|iPhoneSimulator.ActiveCfg = AppStore|iPhoneSimulator
		{74CC7566-A264-4193-A308-5450EE7BEA0F}.AppStore|iPhoneSimulator.Build.0 = AppStore|iPhoneSimulator
		{74CC7566-A264-4193-A308-5450EE7BEA0F}.AppStore|x64.ActiveCfg = AppStore|iPhone
		{74CC7566-A264-4193-A308-5450EE7BEA0F}.AppStore|x86.ActiveCfg = AppStore|iPhone
		{74CC7566-A264-4193-A308-5450EE7BEA0F}.Debug|Any CPU.ActiveCfg = Debug|iPhone
		{74CC7566-A264-4193-A308-5450EE7BEA0F}.Debug|ARM.ActiveCfg = Debug|iPhone
		{74CC7566-A264-4193-A308-5450EE7BEA0F}.Debug|iPhone.ActiveCfg = Debug|iPhone
		{74CC7566-A264-4193-A308-5450EE7BEA0F}.Debug|iPhone.Build.0 = Debug|iPhone
		{74CC7566-A264-4193-A308-5450EE7BEA0F}.Debug|iPhoneSimulator.ActiveCfg = Debug|iPhoneSimulator
		{74CC7566-A264-4193-A308-5450EE7BEA0F}.Debug|iPhoneSimulator.Build.0 = Debug|iPhoneSimulator
		{74CC7566-A264-4193-A308-5450EE7BEA0F}.Debug|x64.ActiveCfg = Debug|iPhone
		{74CC7566-A264-4193-A308-5450EE7BEA0F}.Debug|x86.ActiveCfg = Debug|iPhone
		{74CC7566-A264-4193-A308-5450EE7BEA0F}.Release|Any CPU.ActiveCfg = Release|iPhone
		{74CC7566-A264-4193-A308-5450EE7BEA0F}.Release|ARM.ActiveCfg = Release|iPhone
		{74CC7566-A264-4193-A308-5450EE7BEA0F}.Release|iPhone.ActiveCfg = Release|iPhone
		{74CC7566-A264-4193-A308-5450EE7BEA0F}.Release|iPhone.Build.0 = Release|iPhone
		{74CC7566-A264-4193-A308-5450EE7BEA0F}.Release|iPhoneSimulator.ActiveCfg = Release|iPhoneSimulator
		{74CC7566-A264-4193-A308-5450EE7BEA0F}.Release|iPhoneSimulator.Build.0 = Release|iPhoneSimulator
		{74CC7566-A264-4193-A308-5450EE7BEA0F}.Release|x64.ActiveCfg = Release|iPhone
		{74CC7566-A264-4193-A308-5450EE7BEA0F}.Release|x86.ActiveCfg = Release|iPhone
		{BB637099-43FE-4B1C-A1D8-BFD936751AEF}.Ad-Hoc|Any CPU.ActiveCfg = Release|x86
		{BB637099-43FE-4B1C-A1D8-BFD936751AEF}.Ad-Hoc|Any CPU.Build.0 = Release|x86
		{BB637099-43FE-4B1C-A1D8-BFD936751AEF}.Ad-Hoc|Any CPU.Deploy.0 = Release|x86
		{BB637099-43FE-4B1C-A1D8-BFD936751AEF}.Ad-Hoc|ARM.ActiveCfg = Release|ARM
		{BB637099-43FE-4B1C-A1D8-BFD936751AEF}.Ad-Hoc|ARM.Build.0 = Release|ARM
		{BB637099-43FE-4B1C-A1D8-BFD936751AEF}.Ad-Hoc|ARM.Deploy.0 = Release|ARM
		{BB637099-43FE-4B1C-A1D8-BFD936751AEF}.Ad-Hoc|iPhone.ActiveCfg = Release|x86
		{BB637099-43FE-4B1C-A1D8-BFD936751AEF}.Ad-Hoc|iPhone.Build.0 = Release|x86
		{BB637099-43FE-4B1C-A1D8-BFD936751AEF}.Ad-Hoc|iPhone.Deploy.0 = Release|x86
		{BB637099-43FE-4B1C-A1D8-BFD936751AEF}.Ad-Hoc|iPhoneSimulator.ActiveCfg = Release|x86
		{BB637099-43FE-4B1C-A1D8-BFD936751AEF}.Ad-Hoc|iPhoneSimulator.Build.0 = Release|x86
		{BB637099-43FE-4B1C-A1D8-BFD936751AEF}.Ad-Hoc|iPhoneSimulator.Deploy.0 = Release|x86
		{BB637099-43FE-4B1C-A1D8-BFD936751AEF}.Ad-Hoc|x64.ActiveCfg = Release|x64
		{BB637099-43FE-4B1C-A1D8-BFD936751AEF}.Ad-Hoc|x64.Build.0 = Release|x64
		{BB637099-43FE-4B1C-A1D8-BFD936751AEF}.Ad-Hoc|x64.Deploy.0 = Release|x64
		{BB637099-43FE-4B1C-A1D8-BFD936751AEF}.Ad-Hoc|x86.ActiveCfg = Release|x86
		{BB637099-43FE-4B1C-A1D8-BFD936751AEF}.Ad-Hoc|x86.Build.0 = Release|x86
		{BB637099-43FE-4B1C-A1D8-BFD936751AEF}.Ad-Hoc|x86.Deploy.0 = Release|x86
		{BB637099-43FE-4B1C-A1D8-BFD936751AEF}.AppStore|Any CPU.ActiveCfg = Release|x86
		{BB637099-43FE-4B1C-A1D8-BFD936751AEF}.AppStore|Any CPU.Build.0 = Release|x86
		{BB637099-43FE-4B1C-A1D8-BFD936751AEF}.AppStore|Any CPU.Deploy.0 = Release|x86
		{BB637099-43FE-4B1C-A1D8-BFD936751AEF}.AppStore|ARM.ActiveCfg = Release|ARM
		{BB637099-43FE-4B1C-A1D8-BFD936751AEF}.AppStore|ARM.Build.0 = Release|ARM
		{BB637099-43FE-4B1C-A1D8-BFD936751AEF}.AppStore|ARM.Deploy.0 = Release|ARM
		{BB637099-43FE-4B1C-A1D8-BFD936751AEF}.AppStore|iPhone.ActiveCfg = Release|x86
		{BB637099-43FE-4B1C-A1D8-BFD936751AEF}.AppStore|iPhone.Build.0 = Release|x86
		{BB637099-43FE-4B1C-A1D8-BFD936751AEF}.AppStore|iPhone.Deploy.0 = Release|x86
		{BB637099-43FE-4B1C-A1D8-BFD936751AEF}.AppStore|iPhoneSimulator.ActiveCfg = Release|x86
		{BB637099-43FE-4B1C-A1D8-BFD936751AEF}.AppStore|iPhoneSimulator.Build.0 = Release|x86
		{BB637099-43FE-4B1C-A1D8-BFD936751AEF}.AppStore|iPhoneSimulator.Deploy.0 = Release|x86
		{BB637099-43FE-4B1C-A1D8-BFD936751AEF}.AppStore|x64.ActiveCfg = Release|x64
		{BB637099-43FE-4B1C-A1D8-BFD936751AEF}.AppStore|x64.Build.0 = Release|x64
		{BB637099-43FE-4B1C-A1D8-BFD936751AEF}.AppStore|x64.Deploy.0 = Release|x64
		{BB637099-43FE-4B1C-A1D8-BFD936751AEF}.AppStore|x86.ActiveCfg = Release|x86
		{BB637099-43FE-4B1C-A1D8-BFD936751AEF}.AppStore|x86.Build.0 = Release|x86
		{BB637099-43FE-4B1C-A1D8-BFD936751AEF}.AppStore|x86.Deploy.0 = Release|x86
		{BB637099-43FE-4B1C-A1D8-BFD936751AEF}.Debug|Any CPU.ActiveCfg = Debug|x86
		{BB637099-43FE-4B1C-A1D8-BFD936751AEF}.Debug|ARM.ActiveCfg = Debug|ARM
		{BB637099-43FE-4B1C-A1D8-BFD936751AEF}.Debug|ARM.Build.0 = Debug|ARM
		{BB637099-43FE-4B1C-A1D8-BFD936751AEF}.Debug|ARM.Deploy.0 = Debug|ARM
		{BB637099-43FE-4B1C-A1D8-BFD936751AEF}.Debug|iPhone.ActiveCfg = Debug|x86
		{BB637099-43FE-4B1C-A1D8-BFD936751AEF}.Debug|iPhoneSimulator.ActiveCfg = Debug|x86
		{BB637099-43FE-4B1C-A1D8-BFD936751AEF}.Debug|x64.ActiveCfg = Debug|x64
		{BB637099-43FE-4B1C-A1D8-BFD936751AEF}.Debug|x64.Build.0 = Debug|x64
		{BB637099-43FE-4B1C-A1D8-BFD936751AEF}.Debug|x64.Deploy.0 = Debug|x64
		{BB637099-43FE-4B1C-A1D8-BFD936751AEF}.Debug|x86.ActiveCfg = Debug|x86
		{BB637099-43FE-4B1C-A1D8-BFD936751AEF}.Debug|x86.Build.0 = Debug|x86
		{BB637099-43FE-4B1C-A1D8-BFD936751AEF}.Debug|x86.Deploy.0 = Debug|x86
		{BB637099-43FE-4B1C-A1D8-BFD936751AEF}.Release|Any CPU.ActiveCfg = Release|x86
		{BB637099-43FE-4B1C-A1D8-BFD936751AEF}.Release|ARM.ActiveCfg = Release|ARM
		{BB637099-43FE-4B1C-A1D8-BFD936751AEF}.Release|ARM.Build.0 = Release|ARM
		{BB637099-43FE-4B1C-A1D8-BFD936751AEF}.Release|ARM.Deploy.0 = Release|ARM
		{BB637099-43FE-4B1C-A1D8-BFD936751AEF}.Release|iPhone.ActiveCfg = Release|x86
		{BB637099-43FE-4B1C-A1D8-BFD936751AEF}.Release|iPhoneSimulator.ActiveCfg = Release|x86
		{BB637099-43FE-4B1C-A1D8-BFD936751AEF}.Release|x64.ActiveCfg = Release|x64
		{BB637099-43FE-4B1C-A1D8-BFD936751AEF}.Release|x64.Build.0 = Release|x64
		{BB637099-43FE-4B1C-A1D8-BFD936751AEF}.Release|x64.Deploy.0 = Release|x64
		{BB637099-43FE-4B1C-A1D8-BFD936751AEF}.Release|x86.ActiveCfg = Release|x86
		{BB637099-43FE-4B1C-A1D8-BFD936751AEF}.Release|x86.Build.0 = Release|x86
		{BB637099-43FE-4B1C-A1D8-BFD936751AEF}.Release|x86.Deploy.0 = Release|x86
		{BC161422-6F3D-4B66-AF28-CAB3D1145889}.Ad-Hoc|Any CPU.ActiveCfg = Debug|Any CPU
		{BC161422-6F3D-4B66-AF28-CAB3D1145889}.Ad-Hoc|Any CPU.Build.0 = Debug|Any CPU
		{BC161422-6F3D-4B66-AF28-CAB3D1145889}.Ad-Hoc|ARM.ActiveCfg = Debug|Any CPU
		{BC161422-6F3D-4B66-AF28-CAB3D1145889}.Ad-Hoc|ARM.Build.0 = Debug|Any CPU
		{BC161422-6F3D-4B66-AF28-CAB3D1145889}.Ad-Hoc|iPhone.ActiveCfg = Debug|Any CPU
		{BC161422-6F3D-4B66-AF28-CAB3D1145889}.Ad-Hoc|iPhone.Build.0 = Debug|Any CPU
		{BC161422-6F3D-4B66-AF28-CAB3D1145889}.Ad-Hoc|iPhoneSimulator.ActiveCfg = Debug|Any CPU
		{BC161422-6F3D-4B66-AF28-CAB3D1145889}.Ad-Hoc|iPhoneSimulator.Build.0 = Debug|Any CPU
		{BC161422-6F3D-4B66-AF28-CAB3D1145889}.Ad-Hoc|x64.ActiveCfg = Debug|Any CPU
		{BC161422-6F3D-4B66-AF28-CAB3D1145889}.Ad-Hoc|x64.Build.0 = Debug|Any CPU
		{BC161422-6F3D-4B66-AF28-CAB3D1145889}.Ad-Hoc|x86.ActiveCfg = Debug|Any CPU
		{BC161422-6F3D-4B66-AF28-CAB3D1145889}.Ad-Hoc|x86.Build.0 = Debug|Any CPU
		{BC161422-6F3D-4B66-AF28-CAB3D1145889}.AppStore|Any CPU.ActiveCfg = Debug|Any CPU
		{BC161422-6F3D-4B66-AF28-CAB3D1145889}.AppStore|Any CPU.Build.0 = Debug|Any CPU
		{BC161422-6F3D-4B66-AF28-CAB3D1145889}.AppStore|ARM.ActiveCfg = Debug|Any CPU
		{BC161422-6F3D-4B66-AF28-CAB3D1145889}.AppStore|ARM.Build.0 = Debug|Any CPU
		{BC161422-6F3D-4B66-AF28-CAB3D1145889}.AppStore|iPhone.ActiveCfg = Debug|Any CPU
		{BC161422-6F3D-4B66-AF28-CAB3D1145889}.AppStore|iPhone.Build.0 = Debug|Any CPU
		{BC161422-6F3D-4B66-AF28-CAB3D1145889}.AppStore|iPhoneSimulator.ActiveCfg = Debug|Any CPU
		{BC161422-6F3D-4B66-AF28-CAB3D1145889}.AppStore|iPhoneSimulator.Build.0 = Debug|Any CPU
		{BC161422-6F3D-4B66-AF28-CAB3D1145889}.AppStore|x64.ActiveCfg = Debug|Any CPU
		{BC161422-6F3D-4B66-AF28-CAB3D1145889}.AppStore|x64.Build.0 = Debug|Any CPU
		{BC161422-6F3D-4B66-AF28-CAB3D1145889}.AppStore|x86.ActiveCfg = Debug|Any CPU
		{BC161422-6F3D-4B66-AF28-CAB3D1145889}.AppStore|x86.Build.0 = Debug|Any CPU
		{BC161422-6F3D-4B66-AF28-CAB3D1145889}.Debug|Any CPU.ActiveCfg = Debug|Any CPU
		{BC161422-6F3D-4B66-AF28-CAB3D1145889}.Debug|Any CPU.Build.0 = Debug|Any CPU
		{BC161422-6F3D-4B66-AF28-CAB3D1145889}.Debug|ARM.ActiveCfg = Debug|Any CPU
		{BC161422-6F3D-4B66-AF28-CAB3D1145889}.Debug|ARM.Build.0 = Debug|Any CPU
		{BC161422-6F3D-4B66-AF28-CAB3D1145889}.Debug|iPhone.ActiveCfg = Debug|Any CPU
		{BC161422-6F3D-4B66-AF28-CAB3D1145889}.Debug|iPhone.Build.0 = Debug|Any CPU
		{BC161422-6F3D-4B66-AF28-CAB3D1145889}.Debug|iPhoneSimulator.ActiveCfg = Debug|Any CPU
		{BC161422-6F3D-4B66-AF28-CAB3D1145889}.Debug|iPhoneSimulator.Build.0 = Debug|Any CPU
		{BC161422-6F3D-4B66-AF28-CAB3D1145889}.Debug|x64.ActiveCfg = Debug|Any CPU
		{BC161422-6F3D-4B66-AF28-CAB3D1145889}.Debug|x64.Build.0 = Debug|Any CPU
		{BC161422-6F3D-4B66-AF28-CAB3D1145889}.Debug|x86.ActiveCfg = Debug|Any CPU
		{BC161422-6F3D-4B66-AF28-CAB3D1145889}.Debug|x86.Build.0 = Debug|Any CPU
		{BC161422-6F3D-4B66-AF28-CAB3D1145889}.Release|Any CPU.ActiveCfg = Release|Any CPU
		{BC161422-6F3D-4B66-AF28-CAB3D1145889}.Release|Any CPU.Build.0 = Release|Any CPU
		{BC161422-6F3D-4B66-AF28-CAB3D1145889}.Release|ARM.ActiveCfg = Release|Any CPU
		{BC161422-6F3D-4B66-AF28-CAB3D1145889}.Release|ARM.Build.0 = Release|Any CPU
		{BC161422-6F3D-4B66-AF28-CAB3D1145889}.Release|iPhone.ActiveCfg = Release|Any CPU
		{BC161422-6F3D-4B66-AF28-CAB3D1145889}.Release|iPhone.Build.0 = Release|Any CPU
		{BC161422-6F3D-4B66-AF28-CAB3D1145889}.Release|iPhoneSimulator.ActiveCfg = Release|Any CPU
		{BC161422-6F3D-4B66-AF28-CAB3D1145889}.Release|iPhoneSimulator.Build.0 = Release|Any CPU
		{BC161422-6F3D-4B66-AF28-CAB3D1145889}.Release|x64.ActiveCfg = Release|Any CPU
		{BC161422-6F3D-4B66-AF28-CAB3D1145889}.Release|x64.Build.0 = Release|Any CPU
		{BC161422-6F3D-4B66-AF28-CAB3D1145889}.Release|x86.ActiveCfg = Release|Any CPU
		{BC161422-6F3D-4B66-AF28-CAB3D1145889}.Release|x86.Build.0 = Release|Any CPU
	EndGlobalSection
	GlobalSection(SolutionProperties) = preSolution
		HideSolutionNode = FALSE
	EndGlobalSection
	GlobalSection(ExtensibilityGlobals) = postSolution
		SolutionGuid = {C483FCFE-0AE0-41B5-A041-82CC54A52C7A}
	EndGlobalSection
EndGlobal
